
Microsoft Visual Studio Solution File, Format Version 12.00
# Visual Studio Version 17
VisualStudioVersion = 17.10.35122.118
MinimumVisualStudioVersion = 10.0.40219.1
Project("{9A19103F-16F7-4668-BE54-9A1E7A4F7556}") = "WSMM", "WSMM\WSMM.csproj", "{8E4FE547-B7CA-4248-BAE0-182CE4B7DF2C}"
EndProject
Global
	GlobalSection(SolutionConfigurationPlatforms) = preSolution
		Debug|Any CPU = Debug|Any CPU
		Release|Any CPU = Release|Any CPU
	EndGlobalSection
	GlobalSection(ProjectConfigurationPlatforms) = postSolution
		{8E4FE547-B7CA-4248-BAE0-182CE4B7DF2C}.Debug|Any CPU.ActiveCfg = Debug|Any CPU
		{8E4FE547-B7CA-4248-BAE0-182CE4B7DF2C}.Debug|Any CPU.Build.0 = Debug|Any CPU
		{8E4FE547-B7CA-4248-BAE0-182CE4B7DF2C}.Release|Any CPU.ActiveCfg = Release|Any CPU
		{8E4FE547-B7CA-4248-BAE0-182CE4B7DF2C}.Release|Any CPU.Build.0 = Release|Any CPU
	EndGlobalSection
	GlobalSection(SolutionProperties) = preSolution
		HideSolutionNode = FALSE
	EndGlobalSection
	GlobalSection(ExtensibilityGlobals) = postSolution
		SolutionGuid = {22AF36B8-0C43-4D06-95E8-0EB9A6E4A00C}
	EndGlobalSection
EndGlobal
